
Microsoft Visual Studio Solution File, Format Version 12.00
# Visual Studio Version 17
VisualStudioVersion = 17.1.32210.238
MinimumVisualStudioVersion = 10.0.40219.1
Project("{FAE04EC0-301F-11D3-BF4B-00C04F79EFBC}") = "Wukai-1327AllLabApp", "Wukai-1327AllLabApp\Wukai-1327AllLabApp.csproj", "{625DBA87-0493-4722-A62E-801CB050C71E}"
EndProject
Project("{FAE04EC0-301F-11D3-BF4B-00C04F79EFBC}") = "LabAss2", "LabAss2\LabAss2.csproj", "{748232BB-5EEE-415F-BE36-9D7408B2B304}"
EndProject
Project("{FAE04EC0-301F-11D3-BF4B-00C04F79EFBC}") = "LabAss3", "LabAss3\LabAss3.csproj", "{454D5A50-A5EB-459E-A7D4-B768BCE2DFD5}"
EndProject
Project("{FAE04EC0-301F-11D3-BF4B-00C04F79EFBC}") = "LabAss4", "LabAss4\LabAss4.csproj", "{F40A793B-A24D-46F8-A3E9-47D44D7CF198}"
EndProject
Project("{FAE04EC0-301F-11D3-BF4B-00C04F79EFBC}") = "LabAss5", "LabAss5\LabAss5.csproj", "{D0EDD917-6791-4B4D-BA85-8A637DF4E4DF}"
EndProject
Global
	GlobalSection(SolutionConfigurationPlatforms) = preSolution
		Debug|Any CPU = Debug|Any CPU
		Release|Any CPU = Release|Any CPU
	EndGlobalSection
	GlobalSection(ProjectConfigurationPlatforms) = postSolution
		{625DBA87-0493-4722-A62E-801CB050C71E}.Debug|Any CPU.ActiveCfg = Debug|Any CPU
		{625DBA87-0493-4722-A62E-801CB050C71E}.Debug|Any CPU.Build.0 = Debug|Any CPU
		{625DBA87-0493-4722-A62E-801CB050C71E}.Release|Any CPU.ActiveCfg = Release|Any CPU
		{625DBA87-0493-4722-A62E-801CB050C71E}.Release|Any CPU.Build.0 = Release|Any CPU
		{748232BB-5EEE-415F-BE36-9D7408B2B304}.Debug|Any CPU.ActiveCfg = Debug|Any CPU
		{748232BB-5EEE-415F-BE36-9D7408B2B304}.Debug|Any CPU.Build.0 = Debug|Any CPU
		{748232BB-5EEE-415F-BE36-9D7408B2B304}.Release|Any CPU.ActiveCfg = Release|Any CPU
		{748232BB-5EEE-415F-BE36-9D7408B2B304}.Release|Any CPU.Build.0 = Release|Any CPU
		{454D5A50-A5EB-459E-A7D4-B768BCE2DFD5}.Debug|Any CPU.ActiveCfg = Debug|Any CPU
		{454D5A50-A5EB-459E-A7D4-B768BCE2DFD5}.Debug|Any CPU.Build.0 = Debug|Any CPU
		{454D5A50-A5EB-459E-A7D4-B768BCE2DFD5}.Release|Any CPU.ActiveCfg = Release|Any CPU
		{454D5A50-A5EB-459E-A7D4-B768BCE2DFD5}.Release|Any CPU.Build.0 = Release|Any CPU
		{F40A793B-A24D-46F8-A3E9-47D44D7CF198}.Debug|Any CPU.ActiveCfg = Debug|Any CPU
		{F40A793B-A24D-46F8-A3E9-47D44D7CF198}.Debug|Any CPU.Build.0 = Debug|Any CPU
		{F40A793B-A24D-46F8-A3E9-47D44D7CF198}.Release|Any CPU.ActiveCfg = Release|Any CPU
		{F40A793B-A24D-46F8-A3E9-47D44D7CF198}.Release|Any CPU.Build.0 = Release|Any CPU
		{D0EDD917-6791-4B4D-BA85-8A637DF4E4DF}.Debug|Any CPU.ActiveCfg = Debug|Any CPU
		{D0EDD917-6791-4B4D-BA85-8A637DF4E4DF}.Debug|Any CPU.Build.0 = Debug|Any CPU
		{D0EDD917-6791-4B4D-BA85-8A637DF4E4DF}.Release|Any CPU.ActiveCfg = Release|Any CPU
		{D0EDD917-6791-4B4D-BA85-8A637DF4E4DF}.Release|Any CPU.Build.0 = Release|Any CPU
	EndGlobalSection
	GlobalSection(SolutionProperties) = preSolution
		HideSolutionNode = FALSE
	EndGlobalSection
	GlobalSection(ExtensibilityGlobals) = postSolution
		SolutionGuid = {09BB13DA-E847-4E40-9FFF-28D933BCA834}
	EndGlobalSection
EndGlobal
